# This file is automatically @generated by Cargo.
# It is not intended for manual editing.
version = 4

[[package]]
name = "kavach-beacon"
version = "0.1.0"

[[package]]
name = "kavach-core"
version = "0.1.0"

[[package]]
name = "kavach-events"
version = "0.1.0"

[[package]]
name = "kavach-firewall"
version = "0.1.0"

[[package]]
name = "kavach-npu"
version = "0.1.0"

[[package]]
name = "kavach-train"
version = "0.1.0"

[[package]]
name = "kavach-tripwire"
version = "0.1.0"

[[package]]
name = "kavach-wsl"
version = "0.1.0"
dependencies = [
 "kavach-core",
]
